{
  "name": "wasmbridge-net",
  "version": "0.1.2",
  "lockfileVersion": 3,
  "requires": true,
  "packages": {
    "": {
      "name": "wasmbridge-net",
      "version": "0.1.2",
      "license": "MIT",
      "bin": {
        "wasmbridge-net": "bin/cli.js"
      },
      "engines": {
        "node": ">=18"
      }
    }
  }
}
